{
  "name": "@react-instastories/base",
  "version": "1.0.2",
  "lockfileVersion": 3,
  "requires": true,
  "packages": {
    "": {
      "name": "@react-instastories/base",
      "version": "1.0.2",
      "license": "MIT",
      "devDependencies": {
        "@types/node": "file:../../node_modules/@types/node",
        "@types/react": "file:../../node_modules/@types/react",
        "@types/react-dom": "file:../../node_modules/@types/react-dom",
        "microbundle": "file:../../node_modules/microbundle/dist",
        "sass": "file:../../node_modules/sass",
        "typescript": "file:../../node_modules/typescript"
      },
      "engines": {
        "node": ">=18.18.0 || ^20.9.0 || >=21.1.0",
        "yarn": ">=3"
      },
      "peerDependencies": {
        "react": "file:../../node_modules/react",
        "react-dom": "file:../../node_modules/react-dom"
      }
    },
    "../../node_modules/@types/node": {
      "version": "22.5.5",
      "dev": true,
      "license": "MIT",
      "dependencies": {
        "undici-types": "~6.19.2"
      }
    },
    "../../node_modules/@types/react": {
      "version": "18.3.5",
      "dev": true,
      "license": "MIT",
      "dependencies": {
        "@types/prop-types": "*",
        "csstype": "^3.0.2"
      }
    },
    "../../node_modules/@types/react-dom": {
      "version": "18.3.0",
      "dev": true,
      "license": "MIT",
      "dependencies": {
        "@types/react": "*"
      }
    },
    "../../node_modules/cross-env": {
      "version": "7.0.3",
      "extraneous": true,
      "license": "MIT",
      "dependencies": {
        "cross-spawn": "^7.0.1"
      },
      "bin": {
        "cross-env": "src/bin/cross-env.js",
        "cross-env-shell": "src/bin/cross-env-shell.js"
      },
      "devDependencies": {
        "kcd-scripts": "^5.5.0"
      },
      "engines": {
        "node": ">=10.14",
        "npm": ">=6",
        "yarn": ">=1"
      }
    },
    "../../node_modules/eslint": {
      "version": "8.57.0",
      "extraneous": true,
      "license": "MIT",
      "dependencies": {
        "@eslint-community/eslint-utils": "^4.2.0",
        "@eslint-community/regexpp": "^4.6.1",
        "@eslint/eslintrc": "^2.1.4",
        "@eslint/js": "8.57.0",
        "@humanwhocodes/config-array": "^0.11.14",
        "@humanwhocodes/module-importer": "^1.0.1",
        "@nodelib/fs.walk": "^1.2.8",
        "@ungap/structured-clone": "^1.2.0",
        "ajv": "^6.12.4",
        "chalk": "^4.0.0",
        "cross-spawn": "^7.0.2",
        "debug": "^4.3.2",
        "doctrine": "^3.0.0",
        "escape-string-regexp": "^4.0.0",
        "eslint-scope": "^7.2.2",
        "eslint-visitor-keys": "^3.4.3",
        "espree": "^9.6.1",
        "esquery": "^1.4.2",
        "esutils": "^2.0.2",
        "fast-deep-equal": "^3.1.3",
        "file-entry-cache": "^6.0.1",
        "find-up": "^5.0.0",
        "glob-parent": "^6.0.2",
        "globals": "^13.19.0",
        "graphemer": "^1.4.0",
        "ignore": "^5.2.0",
        "imurmurhash": "^0.1.4",
        "is-glob": "^4.0.0",
        "is-path-inside": "^3.0.3",
        "js-yaml": "^4.1.0",
        "json-stable-stringify-without-jsonify": "^1.0.1",
        "levn": "^0.4.1",
        "lodash.merge": "^4.6.2",
        "minimatch": "^3.1.2",
        "natural-compare": "^1.4.0",
        "optionator": "^0.9.3",
        "strip-ansi": "^6.0.1",
        "text-table": "^0.2.0"
      },
      "bin": {
        "eslint": "bin/eslint.js"
      },
      "devDependencies": {
        "@babel/core": "^7.4.3",
        "@babel/preset-env": "^7.4.3",
        "@wdio/browser-runner": "^8.14.6",
        "@wdio/cli": "^8.14.6",
        "@wdio/concise-reporter": "^8.14.0",
        "@wdio/globals": "^8.14.6",
        "@wdio/mocha-framework": "^8.14.0",
        "babel-loader": "^8.0.5",
        "c8": "^7.12.0",
        "chai": "^4.0.1",
        "cheerio": "^0.22.0",
        "common-tags": "^1.8.0",
        "core-js": "^3.1.3",
        "ejs": "^3.0.2",
        "eslint": "file:.",
        "eslint-config-eslint": "file:packages/eslint-config-eslint",
        "eslint-plugin-eslint-comments": "^3.2.0",
        "eslint-plugin-eslint-plugin": "^5.2.1",
        "eslint-plugin-internal-rules": "file:tools/internal-rules",
        "eslint-plugin-jsdoc": "^46.2.5",
        "eslint-plugin-n": "^16.6.0",
        "eslint-plugin-unicorn": "^49.0.0",
        "eslint-release": "^3.2.0",
        "eslump": "^3.0.0",
        "esprima": "^4.0.1",
        "fast-glob": "^3.2.11",
        "fs-teardown": "^0.1.3",
        "glob": "^7.1.6",
        "got": "^11.8.3",
        "gray-matter": "^4.0.3",
        "lint-staged": "^11.0.0",
        "load-perf": "^0.2.0",
        "markdown-it": "^12.2.0",
        "markdown-it-container": "^3.0.0",
        "markdownlint": "^0.32.0",
        "markdownlint-cli": "^0.37.0",
        "marked": "^4.0.8",
        "memfs": "^3.0.1",
        "metascraper": "^5.25.7",
        "metascraper-description": "^5.25.7",
        "metascraper-image": "^5.29.3",
        "metascraper-logo": "^5.25.7",
        "metascraper-logo-favicon": "^5.25.7",
        "metascraper-title": "^5.25.7",
        "mocha": "^8.3.2",
        "mocha-junit-reporter": "^2.0.0",
        "node-polyfill-webpack-plugin": "^1.0.3",
        "npm-license": "^0.3.3",
        "pirates": "^4.0.5",
        "progress": "^2.0.3",
        "proxyquire": "^2.0.1",
        "recast": "^0.23.0",
        "regenerator-runtime": "^0.14.0",
        "rollup-plugin-node-polyfills": "^0.2.1",
        "semver": "^7.5.3",
        "shelljs": "^0.8.2",
        "sinon": "^11.0.0",
        "vite-plugin-commonjs": "^0.10.0",
        "webdriverio": "^8.14.6",
        "webpack": "^5.23.0",
        "webpack-cli": "^4.5.0",
        "yorkie": "^2.0.0"
      },
      "engines": {
        "node": "^12.22.0 || ^14.17.0 || >=16.0.0"
      },
      "funding": {
        "url": "https://opencollective.com/eslint"
      }
    },
    "../../node_modules/microbundle/dist": {
      "dev": true
    },
    "../../node_modules/npm-run-all": {
      "version": "4.1.5",
      "extraneous": true,
      "license": "MIT",
      "dependencies": {
        "ansi-styles": "^3.2.1",
        "chalk": "^2.4.1",
        "cross-spawn": "^6.0.5",
        "memorystream": "^0.3.1",
        "minimatch": "^3.0.4",
        "pidtree": "^0.3.0",
        "read-pkg": "^3.0.0",
        "shell-quote": "^1.6.1",
        "string.prototype.padend": "^3.0.0"
      },
      "bin": {
        "npm-run-all": "bin/npm-run-all/index.js",
        "run-p": "bin/run-p/index.js",
        "run-s": "bin/run-s/index.js"
      },
      "devDependencies": {
        "@types/node": "^4.9.1",
        "babel-plugin-transform-async-to-generator": "^6.24.1",
        "babel-preset-power-assert": "^2.0.0",
        "babel-register": "^6.26.0",
        "codecov": "^3.1.0",
        "eslint": "^4.19.1",
        "eslint-config-mysticatea": "^12.0.0",
        "fs-extra": "^7.0.1",
        "mocha": "^5.2.0",
        "nyc": "^11.9.0",
        "p-queue": "^2.4.2",
        "power-assert": "^1.6.1",
        "rimraf": "^2.6.2",
        "yarn": "^1.12.3"
      },
      "engines": {
        "node": ">= 4"
      }
    },
    "../../node_modules/postcss": {
      "version": "8.4.38",
      "extraneous": true,
      "funding": [
        {
          "type": "opencollective",
          "url": "https://opencollective.com/postcss/"
        },
        {
          "type": "tidelift",
          "url": "https://tidelift.com/funding/github/npm/postcss"
        },
        {
          "type": "github",
          "url": "https://github.com/sponsors/ai"
        }
      ],
      "license": "MIT",
      "dependencies": {
        "nanoid": "^3.3.7",
        "picocolors": "^1.0.0",
        "source-map-js": "^1.2.0"
      },
      "engines": {
        "node": "^10 || ^12 || >=14"
      }
    },
    "../../node_modules/postcss-cli": {
      "version": "11.0.0",
      "extraneous": true,
      "license": "MIT",
      "dependencies": {
        "chokidar": "^3.3.0",
        "dependency-graph": "^0.11.0",
        "fs-extra": "^11.0.0",
        "get-stdin": "^9.0.0",
        "globby": "^14.0.0",
        "picocolors": "^1.0.0",
        "postcss-load-config": "^5.0.0",
        "postcss-reporter": "^7.0.0",
        "pretty-hrtime": "^1.0.3",
        "read-cache": "^1.0.0",
        "slash": "^5.0.0",
        "yargs": "^17.0.0"
      },
      "bin": {
        "postcss": "index.js"
      },
      "devDependencies": {
        "ava": "^3.1.0",
        "c8": "^8.0.0",
        "coveralls": "^3.0.0",
        "eslint": "^8.55.0",
        "eslint-config-problems": "8.0.0",
        "postcss": "^8.0.4",
        "postcss-import": "^15.0.0",
        "prettier": "~3.1.0",
        "sugarss": "^4.0.0",
        "uuid": "^9.0.0"
      },
      "engines": {
        "node": ">=18"
      },
      "peerDependencies": {
        "postcss": "^8.0.0"
      }
    },
    "../../node_modules/postcss-flexbugs-fixes": {
      "version": "5.0.2",
      "extraneous": true,
      "license": "MIT",
      "devDependencies": {
        "chai": "^4.2.0",
        "gulp": "^4.0.2",
        "gulp-eslint": "^6.0.0",
        "gulp-mocha": "^7.0.2"
      },
      "peerDependencies": {
        "postcss": "^8.1.4"
      }
    },
    "../../node_modules/postcss-normalize": {
      "version": "10.0.1",
      "extraneous": true,
      "license": "CC0-1.0",
      "dependencies": {
        "@csstools/normalize.css": "*",
        "postcss-browser-comments": "^4",
        "sanitize.css": "*"
      },
      "devDependencies": {
        "@babel/core": "^7.15.5",
        "@babel/plugin-syntax-import-meta": "^7.10.4",
        "@babel/preset-env": "^7.15.6",
        "@skypack/package-check": "^0.2.2",
        "browserslist": "^4.16.5",
        "eslint": "^7.32.0",
        "postcss": "^8.2.13",
        "postcss-import": "^14.0.2",
        "postcss-tape": "^6.0.1",
        "pre-commit": "^1.2.2",
        "rollup": "^2.56.3",
        "rollup-plugin-babel": "^4.4.0"
      },
      "engines": {
        "node": ">= 12"
      },
      "peerDependencies": {
        "browserslist": ">= 4",
        "postcss": ">= 8"
      }
    },
    "../../node_modules/postcss-preset-env": {
      "version": "9.5.14",
      "extraneous": true,
      "funding": [
        {
          "type": "github",
          "url": "https://github.com/sponsors/csstools"
        },
        {
          "type": "opencollective",
          "url": "https://opencollective.com/csstools"
        }
      ],
      "license": "MIT-0",
      "dependencies": {
        "@csstools/postcss-cascade-layers": "^4.0.6",
        "@csstools/postcss-color-function": "^3.0.16",
        "@csstools/postcss-color-mix-function": "^2.0.16",
        "@csstools/postcss-exponential-functions": "^1.0.7",
        "@csstools/postcss-font-format-keywords": "^3.0.2",
        "@csstools/postcss-gamut-mapping": "^1.0.9",
        "@csstools/postcss-gradients-interpolation-method": "^4.0.17",
        "@csstools/postcss-hwb-function": "^3.0.15",
        "@csstools/postcss-ic-unit": "^3.0.6",
        "@csstools/postcss-initial": "^1.0.1",
        "@csstools/postcss-is-pseudo-class": "^4.0.8",
        "@csstools/postcss-light-dark-function": "^1.0.5",
        "@csstools/postcss-logical-float-and-clear": "^2.0.1",
        "@csstools/postcss-logical-overflow": "^1.0.1",
        "@csstools/postcss-logical-overscroll-behavior": "^1.0.1",
        "@csstools/postcss-logical-resize": "^2.0.1",
        "@csstools/postcss-logical-viewport-units": "^2.0.9",
        "@csstools/postcss-media-minmax": "^1.1.6",
        "@csstools/postcss-media-queries-aspect-ratio-number-values": "^2.0.9",
        "@csstools/postcss-nested-calc": "^3.0.2",
        "@csstools/postcss-normalize-display-values": "^3.0.2",
        "@csstools/postcss-oklab-function": "^3.0.16",
        "@csstools/postcss-progressive-custom-properties": "^3.2.0",
        "@csstools/postcss-relative-color-syntax": "^2.0.16",
        "@csstools/postcss-scope-pseudo-class": "^3.0.1",
        "@csstools/postcss-stepped-value-functions": "^3.0.8",
        "@csstools/postcss-text-decoration-shorthand": "^3.0.6",
        "@csstools/postcss-trigonometric-functions": "^3.0.8",
        "@csstools/postcss-unset-value": "^3.0.1",
        "autoprefixer": "^10.4.19",
        "browserslist": "^4.22.3",
        "css-blank-pseudo": "^6.0.2",
        "css-has-pseudo": "^6.0.5",
        "css-prefers-color-scheme": "^9.0.1",
        "cssdb": "^8.0.0",
        "postcss-attribute-case-insensitive": "^6.0.3",
        "postcss-clamp": "^4.1.0",
        "postcss-color-functional-notation": "^6.0.11",
        "postcss-color-hex-alpha": "^9.0.4",
        "postcss-color-rebeccapurple": "^9.0.3",
        "postcss-custom-media": "^10.0.6",
        "postcss-custom-properties": "^13.3.10",
        "postcss-custom-selectors": "^7.1.10",
        "postcss-dir-pseudo-class": "^8.0.1",
        "postcss-double-position-gradients": "^5.0.6",
        "postcss-focus-visible": "^9.0.1",
        "postcss-focus-within": "^8.0.1",
        "postcss-font-variant": "^5.0.0",
        "postcss-gap-properties": "^5.0.1",
        "postcss-image-set-function": "^6.0.3",
        "postcss-lab-function": "^6.0.16",
        "postcss-logical": "^7.0.1",
        "postcss-nesting": "^12.1.5",
        "postcss-opacity-percentage": "^2.0.0",
        "postcss-overflow-shorthand": "^5.0.1",
        "postcss-page-break": "^3.0.4",
        "postcss-place": "^9.0.1",
        "postcss-pseudo-class-any-link": "^9.0.2",
        "postcss-replace-overflow-wrap": "^4.0.0",
        "postcss-selector-not": "^7.0.2"
      },
      "engines": {
        "node": "^14 || ^16 || >=18"
      },
      "peerDependencies": {
        "postcss": "^8.4"
      }
    },
    "../../node_modules/prettier": {
      "version": "3.3.2",
      "extraneous": true,
      "license": "MIT",
      "bin": {
        "prettier": "bin/prettier.cjs"
      },
      "engines": {
        "node": ">=14"
      },
      "funding": {
        "url": "https://github.com/prettier/prettier?sponsor=1"
      }
    },
    "../../node_modules/react": {
      "version": "18.3.1",
      "license": "MIT",
      "peer": true,
      "dependencies": {
        "loose-envify": "^1.1.0"
      },
      "engines": {
        "node": ">=0.10.0"
      }
    },
    "../../node_modules/react-dom": {
      "version": "18.3.1",
      "license": "MIT",
      "peer": true,
      "dependencies": {
        "loose-envify": "^1.1.0",
        "scheduler": "^0.23.2"
      },
      "peerDependencies": {
        "react": "^18.3.1"
      }
    },
    "../../node_modules/sass": {
      "version": "1.78.0",
      "dev": true,
      "license": "MIT",
      "dependencies": {
        "chokidar": ">=3.0.0 <4.0.0",
        "immutable": "^4.0.0",
        "source-map-js": ">=0.6.2 <2.0.0"
      },
      "bin": {
        "sass": "sass.js"
      },
      "engines": {
        "node": ">=14.0.0"
      }
    },
    "../../node_modules/typescript": {
      "version": "5.5.4",
      "dev": true,
      "license": "Apache-2.0",
      "bin": {
        "tsc": "bin/tsc",
        "tsserver": "bin/tsserver"
      },
      "devDependencies": {
        "@dprint/formatter": "^0.3.0",
        "@dprint/typescript": "0.91.0",
        "@esfx/canceltoken": "^1.0.0",
        "@octokit/rest": "^20.1.1",
        "@types/chai": "^4.3.16",
        "@types/microsoft__typescript-etw": "^0.1.3",
        "@types/minimist": "^1.2.5",
        "@types/mocha": "^10.0.6",
        "@types/ms": "^0.7.34",
        "@types/node": "latest",
        "@types/source-map-support": "^0.5.10",
        "@types/which": "^3.0.3",
        "@typescript-eslint/eslint-plugin": "^7.11.0",
        "@typescript-eslint/parser": "^7.11.0",
        "@typescript-eslint/utils": "^7.11.0",
        "azure-devops-node-api": "^13.0.0",
        "c8": "^9.1.0",
        "chai": "^4.4.1",
        "chalk": "^4.1.2",
        "chokidar": "^3.6.0",
        "diff": "^5.2.0",
        "dprint": "^0.46.1",
        "esbuild": "^0.21.4",
        "eslint": "^8.57.0",
        "eslint-formatter-autolinkable-stylish": "^1.3.0",
        "eslint-plugin-local": "^4.2.2",
        "fast-xml-parser": "^4.4.0",
        "glob": "^10.4.1",
        "hereby": "^1.8.9",
        "jsonc-parser": "^3.2.1",
        "minimist": "^1.2.8",
        "mocha": "^10.4.0",
        "mocha-fivemat-progress-reporter": "^0.1.0",
        "ms": "^2.1.3",
        "node-fetch": "^3.3.2",
        "playwright": "^1.44.1",
        "source-map-support": "^0.5.21",
        "tslib": "^2.6.2",
        "typescript": "^5.4.5",
        "which": "^3.0.1"
      },
      "engines": {
        "node": ">=14.17"
      }
    },
    "node_modules/@types/node": {
      "resolved": "../../node_modules/@types/node",
      "link": true
    },
    "node_modules/@types/react": {
      "resolved": "../../node_modules/@types/react",
      "link": true
    },
    "node_modules/@types/react-dom": {
      "resolved": "../../node_modules/@types/react-dom",
      "link": true
    },
    "node_modules/microbundle": {
      "resolved": "../../node_modules/microbundle/dist",
      "link": true
    },
    "node_modules/react": {
      "resolved": "../../node_modules/react",
      "link": true
    },
    "node_modules/react-dom": {
      "resolved": "../../node_modules/react-dom",
      "link": true
    },
    "node_modules/sass": {
      "resolved": "../../node_modules/sass",
      "link": true
    },
    "node_modules/typescript": {
      "resolved": "../../node_modules/typescript",
      "link": true
    }
  }
}
